
Microsoft Visual Studio Solution File, Format Version 12.00
# Visual Studio 15
VisualStudioVersion = 15.0.28010.2050
MinimumVisualStudioVersion = 10.0.40219.1
Project("{9A19103F-16F7-4668-BE54-9A1E7A4F7556}") = "WebApi", "WebApi\WebApi.csproj", "{5B04DDCC-E2E9-4DFD-8B82-AC5A69E7BE94}"
EndProject
Project("{9A19103F-16F7-4668-BE54-9A1E7A4F7556}") = "NotificationJobs", "NotificationJobs\NotificationJobs.csproj", "{659AB964-AA29-4491-9FE1-00D3C6CEE170}"
EndProject
Global
	GlobalSection(SolutionConfigurationPlatforms) = preSolution
		Debug|Any CPU = Debug|Any CPU
		Release|Any CPU = Release|Any CPU
	EndGlobalSection
	GlobalSection(ProjectConfigurationPlatforms) = postSolution
		{5B04DDCC-E2E9-4DFD-8B82-AC5A69E7BE94}.Debug|Any CPU.ActiveCfg = Debug|Any CPU
		{5B04DDCC-E2E9-4DFD-8B82-AC5A69E7BE94}.Debug|Any CPU.Build.0 = Debug|Any CPU
		{5B04DDCC-E2E9-4DFD-8B82-AC5A69E7BE94}.Release|Any CPU.ActiveCfg = Release|Any CPU
		{5B04DDCC-E2E9-4DFD-8B82-AC5A69E7BE94}.Release|Any CPU.Build.0 = Release|Any CPU
		{659AB964-AA29-4491-9FE1-00D3C6CEE170}.Debug|Any CPU.ActiveCfg = Debug|Any CPU
		{659AB964-AA29-4491-9FE1-00D3C6CEE170}.Debug|Any CPU.Build.0 = Debug|Any CPU
		{659AB964-AA29-4491-9FE1-00D3C6CEE170}.Release|Any CPU.ActiveCfg = Release|Any CPU
		{659AB964-AA29-4491-9FE1-00D3C6CEE170}.Release|Any CPU.Build.0 = Release|Any CPU
	EndGlobalSection
	GlobalSection(SolutionProperties) = preSolution
		HideSolutionNode = FALSE
	EndGlobalSection
	GlobalSection(ExtensibilityGlobals) = postSolution
		SolutionGuid = {CC5C0690-5DAE-4355-A341-7A5801967DBC}
	EndGlobalSection
EndGlobal
